
Microsoft Visual Studio Solution File, Format Version 12.00
# Visual Studio 15
VisualStudioVersion = 15.0.26124.0
MinimumVisualStudioVersion = 15.0.26124.0
Project("{FAE04EC0-301F-11D3-BF4B-00C04F79EFBC}") = "BusinessLogic", "BusinessLogic\BusinessLogic.csproj", "{9564234D-003E-4099-9E2C-F8CDEFC741C7}"
EndProject
Project("{FAE04EC0-301F-11D3-BF4B-00C04F79EFBC}") = "GlobalModels", "GlobalModels\GlobalModels.csproj", "{CFDBE455-2900-4292-AF3C-02264626AFAC}"
EndProject
Project("{FAE04EC0-301F-11D3-BF4B-00C04F79EFBC}") = "Repository", "Repository\Repository.csproj", "{C720B773-08F7-4BB0-9970-65C6D62CED88}"
EndProject
Project("{FAE04EC0-301F-11D3-BF4B-00C04F79EFBC}") = "Testing", "Testing\Testing.csproj", "{EC3DD13E-44B0-4C10-8028-46E1A554EF6E}"
EndProject
Project("{FAE04EC0-301F-11D3-BF4B-00C04F79EFBC}") = "WebAPI", "WebAPI\WebAPI.csproj", "{43D40B72-C6A1-482D-BD3C-DA279F1085F2}"
EndProject
Global
	GlobalSection(SolutionConfigurationPlatforms) = preSolution
		Debug|Any CPU = Debug|Any CPU
		Debug|x64 = Debug|x64
		Debug|x86 = Debug|x86
		Release|Any CPU = Release|Any CPU
		Release|x64 = Release|x64
		Release|x86 = Release|x86
	EndGlobalSection
	GlobalSection(SolutionProperties) = preSolution
		HideSolutionNode = FALSE
	EndGlobalSection
	GlobalSection(ProjectConfigurationPlatforms) = postSolution
		{9564234D-003E-4099-9E2C-F8CDEFC741C7}.Debug|Any CPU.ActiveCfg = Debug|Any CPU
		{9564234D-003E-4099-9E2C-F8CDEFC741C7}.Debug|Any CPU.Build.0 = Debug|Any CPU
		{9564234D-003E-4099-9E2C-F8CDEFC741C7}.Debug|x64.ActiveCfg = Debug|Any CPU
		{9564234D-003E-4099-9E2C-F8CDEFC741C7}.Debug|x64.Build.0 = Debug|Any CPU
		{9564234D-003E-4099-9E2C-F8CDEFC741C7}.Debug|x86.ActiveCfg = Debug|Any CPU
		{9564234D-003E-4099-9E2C-F8CDEFC741C7}.Debug|x86.Build.0 = Debug|Any CPU
		{9564234D-003E-4099-9E2C-F8CDEFC741C7}.Release|Any CPU.ActiveCfg = Release|Any CPU
		{9564234D-003E-4099-9E2C-F8CDEFC741C7}.Release|Any CPU.Build.0 = Release|Any CPU
		{9564234D-003E-4099-9E2C-F8CDEFC741C7}.Release|x64.ActiveCfg = Release|Any CPU
		{9564234D-003E-4099-9E2C-F8CDEFC741C7}.Release|x64.Build.0 = Release|Any CPU
		{9564234D-003E-4099-9E2C-F8CDEFC741C7}.Release|x86.ActiveCfg = Release|Any CPU
		{9564234D-003E-4099-9E2C-F8CDEFC741C7}.Release|x86.Build.0 = Release|Any CPU
		{CFDBE455-2900-4292-AF3C-02264626AFAC}.Debug|Any CPU.ActiveCfg = Debug|Any CPU
		{CFDBE455-2900-4292-AF3C-02264626AFAC}.Debug|Any CPU.Build.0 = Debug|Any CPU
		{CFDBE455-2900-4292-AF3C-02264626AFAC}.Debug|x64.ActiveCfg = Debug|Any CPU
		{CFDBE455-2900-4292-AF3C-02264626AFAC}.Debug|x64.Build.0 = Debug|Any CPU
		{CFDBE455-2900-4292-AF3C-02264626AFAC}.Debug|x86.ActiveCfg = Debug|Any CPU
		{CFDBE455-2900-4292-AF3C-02264626AFAC}.Debug|x86.Build.0 = Debug|Any CPU
		{CFDBE455-2900-4292-AF3C-02264626AFAC}.Release|Any CPU.ActiveCfg = Release|Any CPU
		{CFDBE455-2900-4292-AF3C-02264626AFAC}.Release|Any CPU.Build.0 = Release|Any CPU
		{CFDBE455-2900-4292-AF3C-02264626AFAC}.Release|x64.ActiveCfg = Release|Any CPU
		{CFDBE455-2900-4292-AF3C-02264626AFAC}.Release|x64.Build.0 = Release|Any CPU
		{CFDBE455-2900-4292-AF3C-02264626AFAC}.Release|x86.ActiveCfg = Release|Any CPU
		{CFDBE455-2900-4292-AF3C-02264626AFAC}.Release|x86.Build.0 = Release|Any CPU
		{C720B773-08F7-4BB0-9970-65C6D62CED88}.Debug|Any CPU.ActiveCfg = Debug|Any CPU
		{C720B773-08F7-4BB0-9970-65C6D62CED88}.Debug|Any CPU.Build.0 = Debug|Any CPU
		{C720B773-08F7-4BB0-9970-65C6D62CED88}.Debug|x64.ActiveCfg = Debug|Any CPU
		{C720B773-08F7-4BB0-9970-65C6D62CED88}.Debug|x64.Build.0 = Debug|Any CPU
		{C720B773-08F7-4BB0-9970-65C6D62CED88}.Debug|x86.ActiveCfg = Debug|Any CPU
		{C720B773-08F7-4BB0-9970-65C6D62CED88}.Debug|x86.Build.0 = Debug|Any CPU
		{C720B773-08F7-4BB0-9970-65C6D62CED88}.Release|Any CPU.ActiveCfg = Release|Any CPU
		{C720B773-08F7-4BB0-9970-65C6D62CED88}.Release|Any CPU.Build.0 = Release|Any CPU
		{C720B773-08F7-4BB0-9970-65C6D62CED88}.Release|x64.ActiveCfg = Release|Any CPU
		{C720B773-08F7-4BB0-9970-65C6D62CED88}.Release|x64.Build.0 = Release|Any CPU
		{C720B773-08F7-4BB0-9970-65C6D62CED88}.Release|x86.ActiveCfg = Release|Any CPU
		{C720B773-08F7-4BB0-9970-65C6D62CED88}.Release|x86.Build.0 = Release|Any CPU
		{EC3DD13E-44B0-4C10-8028-46E1A554EF6E}.Debug|Any CPU.ActiveCfg = Debug|Any CPU
		{EC3DD13E-44B0-4C10-8028-46E1A554EF6E}.Debug|Any CPU.Build.0 = Debug|Any CPU
		{EC3DD13E-44B0-4C10-8028-46E1A554EF6E}.Debug|x64.ActiveCfg = Debug|Any CPU
		{EC3DD13E-44B0-4C10-8028-46E1A554EF6E}.Debug|x64.Build.0 = Debug|Any CPU
		{EC3DD13E-44B0-4C10-8028-46E1A554EF6E}.Debug|x86.ActiveCfg = Debug|Any CPU
		{EC3DD13E-44B0-4C10-8028-46E1A554EF6E}.Debug|x86.Build.0 = Debug|Any CPU
		{EC3DD13E-44B0-4C10-8028-46E1A554EF6E}.Release|Any CPU.ActiveCfg = Release|Any CPU
		{EC3DD13E-44B0-4C10-8028-46E1A554EF6E}.Release|Any CPU.Build.0 = Release|Any CPU
		{EC3DD13E-44B0-4C10-8028-46E1A554EF6E}.Release|x64.ActiveCfg = Release|Any CPU
		{EC3DD13E-44B0-4C10-8028-46E1A554EF6E}.Release|x64.Build.0 = Release|Any CPU
		{EC3DD13E-44B0-4C10-8028-46E1A554EF6E}.Release|x86.ActiveCfg = Release|Any CPU
		{EC3DD13E-44B0-4C10-8028-46E1A554EF6E}.Release|x86.Build.0 = Release|Any CPU
		{4574BD58-BBFA-4DCF-A676-EEF8A5396185}.Debug|Any CPU.ActiveCfg = Debug|Any CPU
		{4574BD58-BBFA-4DCF-A676-EEF8A5396185}.Debug|Any CPU.Build.0 = Debug|Any CPU
		{4574BD58-BBFA-4DCF-A676-EEF8A5396185}.Debug|x64.ActiveCfg = Debug|Any CPU
		{4574BD58-BBFA-4DCF-A676-EEF8A5396185}.Debug|x64.Build.0 = Debug|Any CPU
		{4574BD58-BBFA-4DCF-A676-EEF8A5396185}.Debug|x86.ActiveCfg = Debug|Any CPU
		{4574BD58-BBFA-4DCF-A676-EEF8A5396185}.Debug|x86.Build.0 = Debug|Any CPU
		{4574BD58-BBFA-4DCF-A676-EEF8A5396185}.Release|Any CPU.ActiveCfg = Release|Any CPU
		{4574BD58-BBFA-4DCF-A676-EEF8A5396185}.Release|Any CPU.Build.0 = Release|Any CPU
		{4574BD58-BBFA-4DCF-A676-EEF8A5396185}.Release|x64.ActiveCfg = Release|Any CPU
		{4574BD58-BBFA-4DCF-A676-EEF8A5396185}.Release|x64.Build.0 = Release|Any CPU
		{4574BD58-BBFA-4DCF-A676-EEF8A5396185}.Release|x86.ActiveCfg = Release|Any CPU
		{4574BD58-BBFA-4DCF-A676-EEF8A5396185}.Release|x86.Build.0 = Release|Any CPU
		{43D40B72-C6A1-482D-BD3C-DA279F1085F2}.Debug|Any CPU.ActiveCfg = Debug|Any CPU
		{43D40B72-C6A1-482D-BD3C-DA279F1085F2}.Debug|Any CPU.Build.0 = Debug|Any CPU
		{43D40B72-C6A1-482D-BD3C-DA279F1085F2}.Debug|x64.ActiveCfg = Debug|Any CPU
		{43D40B72-C6A1-482D-BD3C-DA279F1085F2}.Debug|x64.Build.0 = Debug|Any CPU
		{43D40B72-C6A1-482D-BD3C-DA279F1085F2}.Debug|x86.ActiveCfg = Debug|Any CPU
		{43D40B72-C6A1-482D-BD3C-DA279F1085F2}.Debug|x86.Build.0 = Debug|Any CPU
		{43D40B72-C6A1-482D-BD3C-DA279F1085F2}.Release|Any CPU.ActiveCfg = Release|Any CPU
		{43D40B72-C6A1-482D-BD3C-DA279F1085F2}.Release|Any CPU.Build.0 = Release|Any CPU
		{43D40B72-C6A1-482D-BD3C-DA279F1085F2}.Release|x64.ActiveCfg = Release|Any CPU
		{43D40B72-C6A1-482D-BD3C-DA279F1085F2}.Release|x64.Build.0 = Release|Any CPU
		{43D40B72-C6A1-482D-BD3C-DA279F1085F2}.Release|x86.ActiveCfg = Release|Any CPU
		{43D40B72-C6A1-482D-BD3C-DA279F1085F2}.Release|x86.Build.0 = Release|Any CPU
	EndGlobalSection
EndGlobal
