{
  "name": "Project 2",
  "lockfileVersion": 2,
  "requires": true,
  "packages": {
    "": {
      "dependencies": {
        "angular-persistence": "^1.0.1"
      }
    },
    "node_modules/@angular/common": {
      "version": "11.2.9",
      "resolved": "https://registry.npmjs.org/@angular/common/-/common-11.2.9.tgz",
      "integrity": "sha512-D60zF3F9pSpKmLKyYOjceREL2OKKIO20bZJzVqcgWQXUv0xxzHg9e6o2oOphPEj7kY/tKjIQjndRIBGA6MQHzg==",
      "peer": true,
      "dependencies": {
        "tslib": "^2.0.0"
      },
      "peerDependencies": {
        "@angular/core": "11.2.9",
        "rxjs": "^6.5.3"
      }
    },
    "node_modules/@angular/core": {
      "version": "11.2.9",
      "resolved": "https://registry.npmjs.org/@angular/core/-/core-11.2.9.tgz",
      "integrity": "sha512-OLW8ThHdG5XjE9PMdBWyAm19wXEjuhWAB19qCqNerKkk1RGEOn+ISUR5Rpg5Fh3rlI4nFOm+WeOUIaq9uxF53A==",
      "peer": true,
      "dependencies": {
        "tslib": "^2.0.0"
      },
      "peerDependencies": {
        "rxjs": "^6.5.3",
        "zone.js": "^0.10.2 || ^0.11.3"
      }
    },
    "node_modules/@angular/platform-browser": {
      "version": "11.2.9",
      "resolved": "https://registry.npmjs.org/@angular/platform-browser/-/platform-browser-11.2.9.tgz",
      "integrity": "sha512-a4sMSuSRWXNP4umhXrESFS6H5uc5CQ5c4VJMWpqVO5RK5FI9wKdU1Nyds2nZkQGkD5r6pOyGQeJvEbA+vq1SbQ==",
      "peer": true,
      "dependencies": {
        "tslib": "^2.0.0"
      },
      "peerDependencies": {
        "@angular/animations": "11.2.9",
        "@angular/common": "11.2.9",
        "@angular/core": "11.2.9"
      },
      "peerDependenciesMeta": {
        "@angular/animations": {
          "optional": true
        }
      }
    },
    "node_modules/@angular/router": {
      "version": "11.2.9",
      "resolved": "https://registry.npmjs.org/@angular/router/-/router-11.2.9.tgz",
      "integrity": "sha512-DNMaLXleQ4aaNJmVuwnKRkATjR3akUt4kjFFELiHMH8jEO2GBUveqsgjYibXsZ/5L6jSsvaxYvt0n2HGwxG9Tg==",
      "peer": true,
      "dependencies": {
        "tslib": "^2.0.0"
      },
      "peerDependencies": {
        "@angular/common": "11.2.9",
        "@angular/core": "11.2.9",
        "@angular/platform-browser": "11.2.9",
        "rxjs": "^6.5.3"
      }
    },
    "node_modules/angular-persistence": {
      "version": "1.0.1",
      "resolved": "https://registry.npmjs.org/angular-persistence/-/angular-persistence-1.0.1.tgz",
      "integrity": "sha1-ef/nMX8feu2I5p8HcF8KwyzNudo=",
      "peerDependencies": {
        "@angular/common": ">= 2.4.6 || >= 4.0.0-rc.6",
        "@angular/core": ">= 2.4.6 || >= 4.0.0-rc.6",
        "@angular/router": ">=3.4.6 || >= 4.0.0-rc.6"
      }
    },
    "node_modules/rxjs": {
      "version": "6.6.7",
      "resolved": "https://registry.npmjs.org/rxjs/-/rxjs-6.6.7.tgz",
      "integrity": "sha512-hTdwr+7yYNIT5n4AMYp85KA6yw2Va0FLa3Rguvbpa4W3I5xynaBZo41cM3XM+4Q6fRMj3sBYIR1VAmZMXYJvRQ==",
      "peer": true,
      "dependencies": {
        "tslib": "^1.9.0"
      },
      "engines": {
        "npm": ">=2.0.0"
      }
    },
    "node_modules/rxjs/node_modules/tslib": {
      "version": "1.14.1",
      "resolved": "https://registry.npmjs.org/tslib/-/tslib-1.14.1.tgz",
      "integrity": "sha512-Xni35NKzjgMrwevysHTCArtLDpPvye8zV/0E4EyYn43P7/7qvQwPh9BGkHewbMulVntbigmcT7rdX3BNo9wRJg==",
      "peer": true
    },
    "node_modules/tslib": {
      "version": "2.2.0",
      "resolved": "https://registry.npmjs.org/tslib/-/tslib-2.2.0.tgz",
      "integrity": "sha512-gS9GVHRU+RGn5KQM2rllAlR3dU6m7AcpJKdtH8gFvQiC4Otgk98XnmMU+nZenHt/+VhnBPWwgrJsyrdcw6i23w==",
      "peer": true
    },
    "node_modules/zone.js": {
      "version": "0.11.4",
      "resolved": "https://registry.npmjs.org/zone.js/-/zone.js-0.11.4.tgz",
      "integrity": "sha512-DDh2Ab+A/B+9mJyajPjHFPWfYU1H+pdun4wnnk0OcQTNjem1XQSZ2CDW+rfZEUDjv5M19SBqAkjZi0x5wuB5Qw==",
      "peer": true,
      "dependencies": {
        "tslib": "^2.0.0"
      }
    }
  },
  "dependencies": {
    "@angular/common": {
      "version": "11.2.9",
      "resolved": "https://registry.npmjs.org/@angular/common/-/common-11.2.9.tgz",
      "integrity": "sha512-D60zF3F9pSpKmLKyYOjceREL2OKKIO20bZJzVqcgWQXUv0xxzHg9e6o2oOphPEj7kY/tKjIQjndRIBGA6MQHzg==",
      "peer": true,
      "requires": {
        "tslib": "^2.0.0"
      }
    },
    "@angular/core": {
      "version": "11.2.9",
      "resolved": "https://registry.npmjs.org/@angular/core/-/core-11.2.9.tgz",
      "integrity": "sha512-OLW8ThHdG5XjE9PMdBWyAm19wXEjuhWAB19qCqNerKkk1RGEOn+ISUR5Rpg5Fh3rlI4nFOm+WeOUIaq9uxF53A==",
      "peer": true,
      "requires": {
        "tslib": "^2.0.0"
      }
    },
    "@angular/platform-browser": {
      "version": "11.2.9",
      "resolved": "https://registry.npmjs.org/@angular/platform-browser/-/platform-browser-11.2.9.tgz",
      "integrity": "sha512-a4sMSuSRWXNP4umhXrESFS6H5uc5CQ5c4VJMWpqVO5RK5FI9wKdU1Nyds2nZkQGkD5r6pOyGQeJvEbA+vq1SbQ==",
      "peer": true,
      "requires": {
        "tslib": "^2.0.0"
      }
    },
    "@angular/router": {
      "version": "11.2.9",
      "resolved": "https://registry.npmjs.org/@angular/router/-/router-11.2.9.tgz",
      "integrity": "sha512-DNMaLXleQ4aaNJmVuwnKRkATjR3akUt4kjFFELiHMH8jEO2GBUveqsgjYibXsZ/5L6jSsvaxYvt0n2HGwxG9Tg==",
      "peer": true,
      "requires": {
        "tslib": "^2.0.0"
      }
    },
    "angular-persistence": {
      "version": "1.0.1",
      "resolved": "https://registry.npmjs.org/angular-persistence/-/angular-persistence-1.0.1.tgz",
      "integrity": "sha1-ef/nMX8feu2I5p8HcF8KwyzNudo=",
      "requires": {}
    },
    "rxjs": {
      "version": "6.6.7",
      "resolved": "https://registry.npmjs.org/rxjs/-/rxjs-6.6.7.tgz",
      "integrity": "sha512-hTdwr+7yYNIT5n4AMYp85KA6yw2Va0FLa3Rguvbpa4W3I5xynaBZo41cM3XM+4Q6fRMj3sBYIR1VAmZMXYJvRQ==",
      "peer": true,
      "requires": {
        "tslib": "^1.9.0"
      },
      "dependencies": {
        "tslib": {
          "version": "1.14.1",
          "resolved": "https://registry.npmjs.org/tslib/-/tslib-1.14.1.tgz",
          "integrity": "sha512-Xni35NKzjgMrwevysHTCArtLDpPvye8zV/0E4EyYn43P7/7qvQwPh9BGkHewbMulVntbigmcT7rdX3BNo9wRJg==",
          "peer": true
        }
      }
    },
    "tslib": {
      "version": "2.2.0",
      "resolved": "https://registry.npmjs.org/tslib/-/tslib-2.2.0.tgz",
      "integrity": "sha512-gS9GVHRU+RGn5KQM2rllAlR3dU6m7AcpJKdtH8gFvQiC4Otgk98XnmMU+nZenHt/+VhnBPWwgrJsyrdcw6i23w==",
      "peer": true
    },
    "zone.js": {
      "version": "0.11.4",
      "resolved": "https://registry.npmjs.org/zone.js/-/zone.js-0.11.4.tgz",
      "integrity": "sha512-DDh2Ab+A/B+9mJyajPjHFPWfYU1H+pdun4wnnk0OcQTNjem1XQSZ2CDW+rfZEUDjv5M19SBqAkjZi0x5wuB5Qw==",
      "peer": true,
      "requires": {
        "tslib": "^2.0.0"
      }
    }
  }
}
